
Microsoft Visual Studio Solution File, Format Version 12.00
# Visual Studio Version 16
VisualStudioVersion = 16.0.809.9
MinimumVisualStudioVersion = 10.0.40219.1
Project("{FAE04EC0-301F-11D3-BF4B-00C04F79EFBC}") = "Assignment", "Assignment\Assignment.csproj", "{72FB0B3F-44F7-4034-975A-E9D1F8D0A699}"
EndProject
Project("{2150E333-8FDC-42A3-9474-1A3956D46DE8}") = "Solution Items", "Solution Items", "{F46B8081-8939-4B07-A70E-80EAB1CA54F8}"
	ProjectSection(SolutionItems) = preProject
		iToolLibrarySystem.cs = iToolLibrarySystem.cs
		iToolCollection.cs = iToolCollection.cs
		iTool.cs = iTool.cs
		iMemberCollection.cs = iMemberCollection.cs
		iMember.cs = iMember.cs
	EndProjectSection
EndProject
Global
	GlobalSection(SolutionConfigurationPlatforms) = preSolution
		Debug|anycpu = Debug|anycpu
		Release|anycpu = Release|anycpu
	EndGlobalSection
	GlobalSection(ProjectConfigurationPlatforms) = postSolution
		{72FB0B3F-44F7-4034-975A-E9D1F8D0A699}.Debug|anycpu.ActiveCfg = Debug|anycpu
		{72FB0B3F-44F7-4034-975A-E9D1F8D0A699}.Debug|anycpu.Build.0 = Debug|anycpu
		{72FB0B3F-44F7-4034-975A-E9D1F8D0A699}.Release|anycpu.ActiveCfg = Release|anycpu
		{72FB0B3F-44F7-4034-975A-E9D1F8D0A699}.Release|anycpu.Build.0 = Release|anycpu
	EndGlobalSection
	GlobalSection(SolutionProperties) = preSolution
		HideSolutionNode = FALSE
	EndGlobalSection
	GlobalSection(ExtensibilityGlobals) = postSolution
		SolutionGuid = {1C79F431-EACA-4F37-AFF8-ABB0DD55B274}
	EndGlobalSection
EndGlobal
